
Microsoft Visual Studio Solution File, Format Version 12.00
# Visual Studio Version 17
VisualStudioVersion = 17.8.34408.163
MinimumVisualStudioVersion = 10.0.40219.1
Project("{8BC9CEB8-8B4A-11D0-8D11-00A0C91BC942}") = "1.25_homework", "1.25_homework\1.25_homework.vcxproj", "{825C1BA0-108E-41CE-ABB9-639A85EDADCE}"
EndProject
Global
	GlobalSection(SolutionConfigurationPlatforms) = preSolution
		Debug|x64 = Debug|x64
		Debug|x86 = Debug|x86
		Release|x64 = Release|x64
		Release|x86 = Release|x86
	EndGlobalSection
	GlobalSection(ProjectConfigurationPlatforms) = postSolution
		{825C1BA0-108E-41CE-ABB9-639A85EDADCE}.Debug|x64.ActiveCfg = Debug|x64
		{825C1BA0-108E-41CE-ABB9-639A85EDADCE}.Debug|x64.Build.0 = Debug|x64
		{825C1BA0-108E-41CE-ABB9-639A85EDADCE}.Debug|x86.ActiveCfg = Debug|Win32
		{825C1BA0-108E-41CE-ABB9-639A85EDADCE}.Debug|x86.Build.0 = Debug|Win32
		{825C1BA0-108E-41CE-ABB9-639A85EDADCE}.Release|x64.ActiveCfg = Release|x64
		{825C1BA0-108E-41CE-ABB9-639A85EDADCE}.Release|x64.Build.0 = Release|x64
		{825C1BA0-108E-41CE-ABB9-639A85EDADCE}.Release|x86.ActiveCfg = Release|Win32
		{825C1BA0-108E-41CE-ABB9-639A85EDADCE}.Release|x86.Build.0 = Release|Win32
	EndGlobalSection
	GlobalSection(SolutionProperties) = preSolution
		HideSolutionNode = FALSE
	EndGlobalSection
	GlobalSection(ExtensibilityGlobals) = postSolution
		SolutionGuid = {788E1CBD-78A0-4E72-81EE-A98AAE83DBFE}
	EndGlobalSection
EndGlobal
